
Microsoft Visual Studio Solution File, Format Version 12.00
# Visual Studio 2013
VisualStudioVersion = 12.0.31101.0
MinimumVisualStudioVersion = 10.0.40219.1
Project("{FAE04EC0-301F-11D3-BF4B-00C04F79EFBC}") = "User_DMS", "User_DMS\User_DMS.csproj", "{6FF79997-730E-42FF-9F2A-8BDF56CCF04D}"
EndProject
Global
	GlobalSection(SolutionConfigurationPlatforms) = preSolution
		Debug|Any CPU = Debug|Any CPU
		Release|Any CPU = Release|Any CPU
	EndGlobalSection
	GlobalSection(ProjectConfigurationPlatforms) = postSolution
		{6FF79997-730E-42FF-9F2A-8BDF56CCF04D}.Debug|Any CPU.ActiveCfg = Debug|Any CPU
		{6FF79997-730E-42FF-9F2A-8BDF56CCF04D}.Debug|Any CPU.Build.0 = Debug|Any CPU
		{6FF79997-730E-42FF-9F2A-8BDF56CCF04D}.Release|Any CPU.ActiveCfg = Release|Any CPU
		{6FF79997-730E-42FF-9F2A-8BDF56CCF04D}.Release|Any CPU.Build.0 = Release|Any CPU
	EndGlobalSection
	GlobalSection(SolutionProperties) = preSolution
		HideSolutionNode = FALSE
	EndGlobalSection
EndGlobal
